
Microsoft Visual Studio Solution File, Format Version 12.00
# Visual Studio Version 17
VisualStudioVersion = 17.8.34525.116
MinimumVisualStudioVersion = 10.0.40219.1
Project("{FAE04EC0-301F-11D3-BF4B-00C04F79EFBC}") = "EcommerceDotNetCore", "EcommerceDotNetCore.csproj", "{2D20C764-F665-4D4A-9D0A-AFC098D9323D}"
EndProject
Global
	GlobalSection(SolutionConfigurationPlatforms) = preSolution
		Debug|Any CPU = Debug|Any CPU
		Release|Any CPU = Release|Any CPU
	EndGlobalSection
	GlobalSection(ProjectConfigurationPlatforms) = postSolution
		{2D20C764-F665-4D4A-9D0A-AFC098D9323D}.Debug|Any CPU.ActiveCfg = Debug|Any CPU
		{2D20C764-F665-4D4A-9D0A-AFC098D9323D}.Debug|Any CPU.Build.0 = Debug|Any CPU
		{2D20C764-F665-4D4A-9D0A-AFC098D9323D}.Release|Any CPU.ActiveCfg = Release|Any CPU
		{2D20C764-F665-4D4A-9D0A-AFC098D9323D}.Release|Any CPU.Build.0 = Release|Any CPU
	EndGlobalSection
	GlobalSection(SolutionProperties) = preSolution
		HideSolutionNode = FALSE
	EndGlobalSection
	GlobalSection(ExtensibilityGlobals) = postSolution
		SolutionGuid = {C98AD082-B7B6-4C9D-A0D7-62A72E686E04}
	EndGlobalSection
EndGlobal
